// !$*UTF8*$!
{
	archiveVersion = 1;
	classes = {
	};
	objectVersion = 56;
	objects = {

/* Begin PBXBuildFile section */
		DE1B7CE12A4F57C900F4CE75 /* CocoaLumberjack in Frameworks */ = {isa = PBXBuildFile; productRef = DE1B7CE02A4F57C900F4CE75 /* CocoaLumberjack */; };
		DE1B7CE32A4F57C900F4CE75 /* CocoaLumberjackSwift in Frameworks */ = {isa = PBXBuildFile; productRef = DE1B7CE22A4F57C900F4CE75 /* CocoaLumberjackSwift */; };
		DE1B7CE52A4F57C900F4CE75 /* CocoaLumberjackSwiftLogBackend in Frameworks */ = {isa = PBXBuildFile; productRef = DE1B7CE42A4F57C900F4CE75 /* CocoaLumberjackSwiftLogBackend */; };
		DE8453172A3CEE53008D2250 /* AppDelegate.swift in Sources */ = {isa = PBXBuildFile; fileRef = DE8453162A3CEE53008D2250 /* AppDelegate.swift */; };
		DE8453192A3CEE53008D2250 /* SceneDelegate.swift in Sources */ = {isa = PBXBuildFile; fileRef = DE8453182A3CEE53008D2250 /* SceneDelegate.swift */; };
		DE84531B2A3CEE53008D2250 /* DetailsViewController.swift in Sources */ = {isa = PBXBuildFile; fileRef = DE84531A2A3CEE53008D2250 /* DetailsViewController.swift */; };
		DE8453212A3CEE53008D2250 /* TodoApp.xcdatamodeld in Sources */ = {isa = PBXBuildFile; fileRef = DE84531F2A3CEE53008D2250 /* TodoApp.xcdatamodeld */; };
		DE8453232A3CEE55008D2250 /* Assets.xcassets in Resources */ = {isa = PBXBuildFile; fileRef = DE8453222A3CEE55008D2250 /* Assets.xcassets */; };
		DE8453262A3CEE55008D2250 /* LaunchScreen.storyboard in Resources */ = {isa = PBXBuildFile; fileRef = DE8453242A3CEE55008D2250 /* LaunchScreen.storyboard */; };
		DE8453312A3CEE56008D2250 /* TodoAppTests.swift in Sources */ = {isa = PBXBuildFile; fileRef = DE8453302A3CEE56008D2250 /* TodoAppTests.swift */; };
		DE84533B2A3CEE56008D2250 /* TodoAppUITests.swift in Sources */ = {isa = PBXBuildFile; fileRef = DE84533A2A3CEE56008D2250 /* TodoAppUITests.swift */; };
		DE84533D2A3CEE56008D2250 /* TodoAppUITestsLaunchTests.swift in Sources */ = {isa = PBXBuildFile; fileRef = DE84533C2A3CEE56008D2250 /* TodoAppUITestsLaunchTests.swift */; };
		DE84534B2A3CEF88008D2250 /* TodoItem.swift in Sources */ = {isa = PBXBuildFile; fileRef = DE84534A2A3CEF88008D2250 /* TodoItem.swift */; };
		DE84534D2A3CEF9E008D2250 /* FileCache.swift in Sources */ = {isa = PBXBuildFile; fileRef = DE84534C2A3CEF9E008D2250 /* FileCache.swift */; };
		DEE361D92A41C08500C514BE /* DetailsStackView.swift in Sources */ = {isa = PBXBuildFile; fileRef = DEE361D82A41C08500C514BE /* DetailsStackView.swift */; };
		DEE361DD2A4633B600C514BE /* Constants.swift in Sources */ = {isa = PBXBuildFile; fileRef = DEE361DC2A4633B600C514BE /* Constants.swift */; };
		DEE361E22A49A7DE00C514BE /* MainView.swift in Sources */ = {isa = PBXBuildFile; fileRef = DEE361E12A49A7DE00C514BE /* MainView.swift */; };
		DEE361E42A4B1F1B00C514BE /* MainPresenter.swift in Sources */ = {isa = PBXBuildFile; fileRef = DEE361E32A4B1F1B00C514BE /* MainPresenter.swift */; };
		DEE361E62A4B1F2B00C514BE /* MainModel.swift in Sources */ = {isa = PBXBuildFile; fileRef = DEE361E52A4B1F2A00C514BE /* MainModel.swift */; };
		DEE361E82A4B285500C514BE /* TodoItemCell.swift in Sources */ = {isa = PBXBuildFile; fileRef = DEE361E72A4B285500C514BE /* TodoItemCell.swift */; };
		DEF8F8112A4D8899004630FA /* NewItemCell.swift in Sources */ = {isa = PBXBuildFile; fileRef = DEF8F8102A4D8899004630FA /* NewItemCell.swift */; };
/* End PBXBuildFile section */

/* Begin PBXContainerItemProxy section */
		DE84532D2A3CEE56008D2250 /* PBXContainerItemProxy */ = {
			isa = PBXContainerItemProxy;
			containerPortal = DE84530B2A3CEE53008D2250 /* Project object */;
			proxyType = 1;
			remoteGlobalIDString = DE8453122A3CEE53008D2250;
			remoteInfo = TodoApp;
		};
		DE8453372A3CEE56008D2250 /* PBXContainerItemProxy */ = {
			isa = PBXContainerItemProxy;
			containerPortal = DE84530B2A3CEE53008D2250 /* Project object */;
			proxyType = 1;
			remoteGlobalIDString = DE8453122A3CEE53008D2250;
			remoteInfo = TodoApp;
		};
/* End PBXContainerItemProxy section */

/* Begin PBXFileReference section */
		DE8453132A3CEE53008D2250 /* TodoApp.app */ = {isa = PBXFileReference; explicitFileType = wrapper.application; includeInIndex = 0; path = TodoApp.app; sourceTree = BUILT_PRODUCTS_DIR; };
		DE8453162A3CEE53008D2250 /* AppDelegate.swift */ = {isa = PBXFileReference; lastKnownFileType = sourcecode.swift; path = AppDelegate.swift; sourceTree = "<group>"; };
		DE8453182A3CEE53008D2250 /* SceneDelegate.swift */ = {isa = PBXFileReference; lastKnownFileType = sourcecode.swift; path = SceneDelegate.swift; sourceTree = "<group>"; };
		DE84531A2A3CEE53008D2250 /* DetailsViewController.swift */ = {isa = PBXFileReference; lastKnownFileType = sourcecode.swift; path = DetailsViewController.swift; sourceTree = "<group>"; };
		DE8453202A3CEE53008D2250 /* TodoApp.xcdatamodel */ = {isa = PBXFileReference; lastKnownFileType = wrapper.xcdatamodel; path = TodoApp.xcdatamodel; sourceTree = "<group>"; };
		DE8453222A3CEE55008D2250 /* Assets.xcassets */ = {isa = PBXFileReference; lastKnownFileType = folder.assetcatalog; path = Assets.xcassets; sourceTree = "<group>"; };
		DE8453252A3CEE55008D2250 /* Base */ = {isa = PBXFileReference; lastKnownFileType = file.storyboard; name = Base; path = Base.lproj/LaunchScreen.storyboard; sourceTree = "<group>"; };
		DE8453272A3CEE55008D2250 /* Info.plist */ = {isa = PBXFileReference; lastKnownFileType = text.plist.xml; path = Info.plist; sourceTree = "<group>"; };
		DE84532C2A3CEE56008D2250 /* TodoAppTests.xctest */ = {isa = PBXFileReference; explicitFileType = wrapper.cfbundle; includeInIndex = 0; path = TodoAppTests.xctest; sourceTree = BUILT_PRODUCTS_DIR; };
		DE8453302A3CEE56008D2250 /* TodoAppTests.swift */ = {isa = PBXFileReference; lastKnownFileType = sourcecode.swift; path = TodoAppTests.swift; sourceTree = "<group>"; };
		DE8453362A3CEE56008D2250 /* TodoAppUITests.xctest */ = {isa = PBXFileReference; explicitFileType = wrapper.cfbundle; includeInIndex = 0; path = TodoAppUITests.xctest; sourceTree = BUILT_PRODUCTS_DIR; };
		DE84533A2A3CEE56008D2250 /* TodoAppUITests.swift */ = {isa = PBXFileReference; lastKnownFileType = sourcecode.swift; path = TodoAppUITests.swift; sourceTree = "<group>"; };
		DE84533C2A3CEE56008D2250 /* TodoAppUITestsLaunchTests.swift */ = {isa = PBXFileReference; lastKnownFileType = sourcecode.swift; path = TodoAppUITestsLaunchTests.swift; sourceTree = "<group>"; };
		DE84534A2A3CEF88008D2250 /* TodoItem.swift */ = {isa = PBXFileReference; lastKnownFileType = sourcecode.swift; path = TodoItem.swift; sourceTree = "<group>"; };
		DE84534C2A3CEF9E008D2250 /* FileCache.swift */ = {isa = PBXFileReference; lastKnownFileType = sourcecode.swift; path = FileCache.swift; sourceTree = "<group>"; };
		DEE361D82A41C08500C514BE /* DetailsStackView.swift */ = {isa = PBXFileReference; lastKnownFileType = sourcecode.swift; path = DetailsStackView.swift; sourceTree = "<group>"; };
		DEE361DC2A4633B600C514BE /* Constants.swift */ = {isa = PBXFileReference; lastKnownFileType = sourcecode.swift; path = Constants.swift; sourceTree = "<group>"; };
		DEE361E12A49A7DE00C514BE /* MainView.swift */ = {isa = PBXFileReference; lastKnownFileType = sourcecode.swift; path = MainView.swift; sourceTree = "<group>"; };
		DEE361E32A4B1F1B00C514BE /* MainPresenter.swift */ = {isa = PBXFileReference; lastKnownFileType = sourcecode.swift; path = MainPresenter.swift; sourceTree = "<group>"; };
		DEE361E52A4B1F2A00C514BE /* MainModel.swift */ = {isa = PBXFileReference; lastKnownFileType = sourcecode.swift; path = MainModel.swift; sourceTree = "<group>"; };
		DEE361E72A4B285500C514BE /* TodoItemCell.swift */ = {isa = PBXFileReference; lastKnownFileType = sourcecode.swift; path = TodoItemCell.swift; sourceTree = "<group>"; };
		DEF8F8102A4D8899004630FA /* NewItemCell.swift */ = {isa = PBXFileReference; lastKnownFileType = sourcecode.swift; path = NewItemCell.swift; sourceTree = "<group>"; };
/* End PBXFileReference section */

/* Begin PBXFrameworksBuildPhase section */
		DE8453102A3CEE53008D2250 /* Frameworks */ = {
			isa = PBXFrameworksBuildPhase;
			buildActionMask = 2147483647;
			files = (
				DE1B7CE32A4F57C900F4CE75 /* CocoaLumberjackSwift in Frameworks */,
				DE1B7CE52A4F57C900F4CE75 /* CocoaLumberjackSwiftLogBackend in Frameworks */,
				DE1B7CE12A4F57C900F4CE75 /* CocoaLumberjack in Frameworks */,
			);
			runOnlyForDeploymentPostprocessing = 0;
		};
		DE8453292A3CEE56008D2250 /* Frameworks */ = {
			isa = PBXFrameworksBuildPhase;
			buildActionMask = 2147483647;
			files = (
			);
			runOnlyForDeploymentPostprocessing = 0;
		};
		DE8453332A3CEE56008D2250 /* Frameworks */ = {
			isa = PBXFrameworksBuildPhase;
			buildActionMask = 2147483647;
			files = (
			);
			runOnlyForDeploymentPostprocessing = 0;
		};
/* End PBXFrameworksBuildPhase section */

/* Begin PBXGroup section */
		DE84530A2A3CEE53008D2250 = {
			isa = PBXGroup;
			children = (
				DE8453152A3CEE53008D2250 /* TodoApp */,
				DE84532F2A3CEE56008D2250 /* TodoAppTests */,
				DE8453392A3CEE56008D2250 /* TodoAppUITests */,
				DE8453142A3CEE53008D2250 /* Products */,
			);
			sourceTree = "<group>";
		};
		DE8453142A3CEE53008D2250 /* Products */ = {
			isa = PBXGroup;
			children = (
				DE8453132A3CEE53008D2250 /* TodoApp.app */,
				DE84532C2A3CEE56008D2250 /* TodoAppTests.xctest */,
				DE8453362A3CEE56008D2250 /* TodoAppUITests.xctest */,
			);
			name = Products;
			sourceTree = "<group>";
		};
		DE8453152A3CEE53008D2250 /* TodoApp */ = {
			isa = PBXGroup;
			children = (
				DEF8F8122A4F06FA004630FA /* MainScreen */,
				DEF8F8132A4F0707004630FA /* DetailsScreen */,
				DEF8F8142A4F072B004630FA /* CustomViews */,
				DE84534C2A3CEF9E008D2250 /* FileCache.swift */,
				DEE361DC2A4633B600C514BE /* Constants.swift */,
				DE8453162A3CEE53008D2250 /* AppDelegate.swift */,
				DE8453182A3CEE53008D2250 /* SceneDelegate.swift */,
				DE8453222A3CEE55008D2250 /* Assets.xcassets */,
				DE8453242A3CEE55008D2250 /* LaunchScreen.storyboard */,
				DE8453272A3CEE55008D2250 /* Info.plist */,
				DE84531F2A3CEE53008D2250 /* TodoApp.xcdatamodeld */,
			);
			path = TodoApp;
			sourceTree = "<group>";
		};
		DE84532F2A3CEE56008D2250 /* TodoAppTests */ = {
			isa = PBXGroup;
			children = (
				DE8453302A3CEE56008D2250 /* TodoAppTests.swift */,
			);
			path = TodoAppTests;
			sourceTree = "<group>";
		};
		DE8453392A3CEE56008D2250 /* TodoAppUITests */ = {
			isa = PBXGroup;
			children = (
				DE84533A2A3CEE56008D2250 /* TodoAppUITests.swift */,
				DE84533C2A3CEE56008D2250 /* TodoAppUITestsLaunchTests.swift */,
			);
			path = TodoAppUITests;
			sourceTree = "<group>";
		};
		DEF8F8122A4F06FA004630FA /* MainScreen */ = {
			isa = PBXGroup;
			children = (
				DEE361E12A49A7DE00C514BE /* MainView.swift */,
				DEE361E32A4B1F1B00C514BE /* MainPresenter.swift */,
				DEE361E52A4B1F2A00C514BE /* MainModel.swift */,
			);
			path = MainScreen;
			sourceTree = "<group>";
		};
		DEF8F8132A4F0707004630FA /* DetailsScreen */ = {
			isa = PBXGroup;
			children = (
				DE84534A2A3CEF88008D2250 /* TodoItem.swift */,
				DEE361D82A41C08500C514BE /* DetailsStackView.swift */,
				DE84531A2A3CEE53008D2250 /* DetailsViewController.swift */,
			);
			path = DetailsScreen;
			sourceTree = "<group>";
		};
		DEF8F8142A4F072B004630FA /* CustomViews */ = {
			isa = PBXGroup;
			children = (
				DEE361E72A4B285500C514BE /* TodoItemCell.swift */,
				DEF8F8102A4D8899004630FA /* NewItemCell.swift */,
			);
			path = CustomViews;
			sourceTree = "<group>";
		};
/* End PBXGroup section */

/* Begin PBXNativeTarget section */
		DE8453122A3CEE53008D2250 /* TodoApp */ = {
			isa = PBXNativeTarget;
			buildConfigurationList = DE8453402A3CEE56008D2250 /* Build configuration list for PBXNativeTarget "TodoApp" */;
			buildPhases = (
				DE84530F2A3CEE53008D2250 /* Sources */,
				DE8453102A3CEE53008D2250 /* Frameworks */,
				DE8453112A3CEE53008D2250 /* Resources */,
			);
			buildRules = (
			);
			dependencies = (
			);
			name = TodoApp;
			packageProductDependencies = (
				DE1B7CE02A4F57C900F4CE75 /* CocoaLumberjack */,
				DE1B7CE22A4F57C900F4CE75 /* CocoaLumberjackSwift */,
				DE1B7CE42A4F57C900F4CE75 /* CocoaLumberjackSwiftLogBackend */,
			);
			productName = TodoApp;
			productReference = DE8453132A3CEE53008D2250 /* TodoApp.app */;
			productType = "com.apple.product-type.application";
		};
		DE84532B2A3CEE56008D2250 /* TodoAppTests */ = {
			isa = PBXNativeTarget;
			buildConfigurationList = DE8453432A3CEE56008D2250 /* Build configuration list for PBXNativeTarget "TodoAppTests" */;
			buildPhases = (
				DE8453282A3CEE56008D2250 /* Sources */,
				DE8453292A3CEE56008D2250 /* Frameworks */,
				DE84532A2A3CEE56008D2250 /* Resources */,
			);
			buildRules = (
			);
			dependencies = (
				DE84532E2A3CEE56008D2250 /* PBXTargetDependency */,
			);
			name = TodoAppTests;
			productName = TodoAppTests;
			productReference = DE84532C2A3CEE56008D2250 /* TodoAppTests.xctest */;
			productType = "com.apple.product-type.bundle.unit-test";
		};
		DE8453352A3CEE56008D2250 /* TodoAppUITests */ = {
			isa = PBXNativeTarget;
			buildConfigurationList = DE8453462A3CEE56008D2250 /* Build configuration list for PBXNativeTarget "TodoAppUITests" */;
			buildPhases = (
				DE8453322A3CEE56008D2250 /* Sources */,
				DE8453332A3CEE56008D2250 /* Frameworks */,
				DE8453342A3CEE56008D2250 /* Resources */,
			);
			buildRules = (
			);
			dependencies = (
				DE8453382A3CEE56008D2250 /* PBXTargetDependency */,
			);
			name = TodoAppUITests;
			productName = TodoAppUITests;
			productReference = DE8453362A3CEE56008D2250 /* TodoAppUITests.xctest */;
			productType = "com.apple.product-type.bundle.ui-testing";
		};
/* End PBXNativeTarget section */

/* Begin PBXProject section */
		DE84530B2A3CEE53008D2250 /* Project object */ = {
			isa = PBXProject;
			attributes = {
				BuildIndependentTargetsInParallel = 1;
				LastSwiftUpdateCheck = 1430;
				LastUpgradeCheck = 1430;
				TargetAttributes = {
					DE8453122A3CEE53008D2250 = {
						CreatedOnToolsVersion = 14.3;
					};
					DE84532B2A3CEE56008D2250 = {
						CreatedOnToolsVersion = 14.3;
						TestTargetID = DE8453122A3CEE53008D2250;
					};
					DE8453352A3CEE56008D2250 = {
						CreatedOnToolsVersion = 14.3;
						TestTargetID = DE8453122A3CEE53008D2250;
					};
				};
			};
			buildConfigurationList = DE84530E2A3CEE53008D2250 /* Build configuration list for PBXProject "TodoApp" */;
			compatibilityVersion = "Xcode 14.0";
			developmentRegion = en;
			hasScannedForEncodings = 0;
			knownRegions = (
				en,
				Base,
			);
			mainGroup = DE84530A2A3CEE53008D2250;
			packageReferences = (
				DE1B7CDF2A4F57C900F4CE75 /* XCRemoteSwiftPackageReference "CocoaLumberjack" */,
			);
			productRefGroup = DE8453142A3CEE53008D2250 /* Products */;
			projectDirPath = "";
			projectRoot = "";
			targets = (
				DE8453122A3CEE53008D2250 /* TodoApp */,
				DE84532B2A3CEE56008D2250 /* TodoAppTests */,
				DE8453352A3CEE56008D2250 /* TodoAppUITests */,
			);
		};
/* End PBXProject section */

/* Begin PBXResourcesBuildPhase section */
		DE8453112A3CEE53008D2250 /* Resources */ = {
			isa = PBXResourcesBuildPhase;
			buildActionMask = 2147483647;
			files = (
				DE8453262A3CEE55008D2250 /* LaunchScreen.storyboard in Resources */,
				DE8453232A3CEE55008D2250 /* Assets.xcassets in Resources */,
			);
			runOnlyForDeploymentPostprocessing = 0;
		};
		DE84532A2A3CEE56008D2250 /* Resources */ = {
			isa = PBXResourcesBuildPhase;
			buildActionMask = 2147483647;
			files = (
			);
			runOnlyForDeploymentPostprocessing = 0;
		};
		DE8453342A3CEE56008D2250 /* Resources */ = {
			isa = PBXResourcesBuildPhase;
			buildActionMask = 2147483647;
			files = (
			);
			runOnlyForDeploymentPostprocessing = 0;
		};
/* End PBXResourcesBuildPhase section */

/* Begin PBXSourcesBuildPhase section */
		DE84530F2A3CEE53008D2250 /* Sources */ = {
			isa = PBXSourcesBuildPhase;
			buildActionMask = 2147483647;
			files = (
				DE84534B2A3CEF88008D2250 /* TodoItem.swift in Sources */,
				DE84531B2A3CEE53008D2250 /* DetailsViewController.swift in Sources */,
				DE8453172A3CEE53008D2250 /* AppDelegate.swift in Sources */,
				DE8453192A3CEE53008D2250 /* SceneDelegate.swift in Sources */,
				DE84534D2A3CEF9E008D2250 /* FileCache.swift in Sources */,
				DEE361E42A4B1F1B00C514BE /* MainPresenter.swift in Sources */,
				DEE361E62A4B1F2B00C514BE /* MainModel.swift in Sources */,
				DEE361D92A41C08500C514BE /* DetailsStackView.swift in Sources */,
				DEE361E22A49A7DE00C514BE /* MainView.swift in Sources */,
				DE8453212A3CEE53008D2250 /* TodoApp.xcdatamodeld in Sources */,
				DEE361E82A4B285500C514BE /* TodoItemCell.swift in Sources */,
				DEE361DD2A4633B600C514BE /* Constants.swift in Sources */,
				DEF8F8112A4D8899004630FA /* NewItemCell.swift in Sources */,
			);
			runOnlyForDeploymentPostprocessing = 0;
		};
		DE8453282A3CEE56008D2250 /* Sources */ = {
			isa = PBXSourcesBuildPhase;
			buildActionMask = 2147483647;
			files = (
				DE8453312A3CEE56008D2250 /* TodoAppTests.swift in Sources */,
			);
			runOnlyForDeploymentPostprocessing = 0;
		};
		DE8453322A3CEE56008D2250 /* Sources */ = {
			isa = PBXSourcesBuildPhase;
			buildActionMask = 2147483647;
			files = (
				DE84533D2A3CEE56008D2250 /* TodoAppUITestsLaunchTests.swift in Sources */,
				DE84533B2A3CEE56008D2250 /* TodoAppUITests.swift in Sources */,
			);
			runOnlyForDeploymentPostprocessing = 0;
		};
/* End PBXSourcesBuildPhase section */

/* Begin PBXTargetDependency section */
		DE84532E2A3CEE56008D2250 /* PBXTargetDependency */ = {
			isa = PBXTargetDependency;
			target = DE8453122A3CEE53008D2250 /* TodoApp */;
			targetProxy = DE84532D2A3CEE56008D2250 /* PBXContainerItemProxy */;
		};
		DE8453382A3CEE56008D2250 /* PBXTargetDependency */ = {
			isa = PBXTargetDependency;
			target = DE8453122A3CEE53008D2250 /* TodoApp */;
			targetProxy = DE8453372A3CEE56008D2250 /* PBXContainerItemProxy */;
		};
/* End PBXTargetDependency section */

/* Begin PBXVariantGroup section */
		DE8453242A3CEE55008D2250 /* LaunchScreen.storyboard */ = {
			isa = PBXVariantGroup;
			children = (
				DE8453252A3CEE55008D2250 /* Base */,
			);
			name = LaunchScreen.storyboard;
			sourceTree = "<group>";
		};
/* End PBXVariantGroup section */

/* Begin XCBuildConfiguration section */
		DE84533E2A3CEE56008D2250 /* Debug */ = {
			isa = XCBuildConfiguration;
			buildSettings = {
				ALWAYS_SEARCH_USER_PATHS = NO;
				CLANG_ANALYZER_NONNULL = YES;
				CLANG_ANALYZER_NUMBER_OBJECT_CONVERSION = YES_AGGRESSIVE;
				CLANG_CXX_LANGUAGE_STANDARD = "gnu++20";
				CLANG_ENABLE_MODULES = YES;
				CLANG_ENABLE_OBJC_ARC = YES;
				CLANG_ENABLE_OBJC_WEAK = YES;
				CLANG_WARN_BLOCK_CAPTURE_AUTORELEASING = YES;
				CLANG_WARN_BOOL_CONVERSION = YES;
				CLANG_WARN_COMMA = YES;
				CLANG_WARN_CONSTANT_CONVERSION = YES;
				CLANG_WARN_DEPRECATED_OBJC_IMPLEMENTATIONS = YES;
				CLANG_WARN_DIRECT_OBJC_ISA_USAGE = YES_ERROR;
				CLANG_WARN_DOCUMENTATION_COMMENTS = YES;
				CLANG_WARN_EMPTY_BODY = YES;
				CLANG_WARN_ENUM_CONVERSION = YES;
				CLANG_WARN_INFINITE_RECURSION = YES;
				CLANG_WARN_INT_CONVERSION = YES;
				CLANG_WARN_NON_LITERAL_NULL_CONVERSION = YES;
				CLANG_WARN_OBJC_IMPLICIT_RETAIN_SELF = YES;
				CLANG_WARN_OBJC_LITERAL_CONVERSION = YES;
				CLANG_WARN_OBJC_ROOT_CLASS = YES_ERROR;
				CLANG_WARN_QUOTED_INCLUDE_IN_FRAMEWORK_HEADER = YES;
				CLANG_WARN_RANGE_LOOP_ANALYSIS = YES;
				CLANG_WARN_STRICT_PROTOTYPES = YES;
				CLANG_WARN_SUSPICIOUS_MOVE = YES;
				CLANG_WARN_UNGUARDED_AVAILABILITY = YES_AGGRESSIVE;
				CLANG_WARN_UNREACHABLE_CODE = YES;
				CLANG_WARN__DUPLICATE_METHOD_MATCH = YES;
				COPY_PHASE_STRIP = NO;
				DEBUG_INFORMATION_FORMAT = dwarf;
				ENABLE_STRICT_OBJC_MSGSEND = YES;
				ENABLE_TESTABILITY = YES;
				GCC_C_LANGUAGE_STANDARD = gnu11;
				GCC_DYNAMIC_NO_PIC = NO;
				GCC_NO_COMMON_BLOCKS = YES;
				GCC_OPTIMIZATION_LEVEL = 0;
				GCC_PREPROCESSOR_DEFINITIONS = (
					"DEBUG=1",
					"$(inherited)",
				);
				GCC_WARN_64_TO_32_BIT_CONVERSION = YES;
				GCC_WARN_ABOUT_RETURN_TYPE = YES_ERROR;
				GCC_WARN_UNDECLARED_SELECTOR = YES;
				GCC_WARN_UNINITIALIZED_AUTOS = YES_AGGRESSIVE;
				GCC_WARN_UNUSED_FUNCTION = YES;
				GCC_WARN_UNUSED_VARIABLE = YES;
				IPHONEOS_DEPLOYMENT_TARGET = 16.4;
				MTL_ENABLE_DEBUG_INFO = INCLUDE_SOURCE;
				MTL_FAST_MATH = YES;
				ONLY_ACTIVE_ARCH = YES;
				SDKROOT = iphoneos;
				SWIFT_ACTIVE_COMPILATION_CONDITIONS = DEBUG;
				SWIFT_OPTIMIZATION_LEVEL = "-Onone";
			};
			name = Debug;
		};
		DE84533F2A3CEE56008D2250 /* Release */ = {
			isa = XCBuildConfiguration;
			buildSettings = {
				ALWAYS_SEARCH_USER_PATHS = NO;
				CLANG_ANALYZER_NONNULL = YES;
				CLANG_ANALYZER_NUMBER_OBJECT_CONVERSION = YES_AGGRESSIVE;
				CLANG_CXX_LANGUAGE_STANDARD = "gnu++20";
				CLANG_ENABLE_MODULES = YES;
				CLANG_ENABLE_OBJC_ARC = YES;
				CLANG_ENABLE_OBJC_WEAK = YES;
				CLANG_WARN_BLOCK_CAPTURE_AUTORELEASING = YES;
				CLANG_WARN_BOOL_CONVERSION = YES;
				CLANG_WARN_COMMA = YES;
				CLANG_WARN_CONSTANT_CONVERSION = YES;
				CLANG_WARN_DEPRECATED_OBJC_IMPLEMENTATIONS = YES;
				CLANG_WARN_DIRECT_OBJC_ISA_USAGE = YES_ERROR;
				CLANG_WARN_DOCUMENTATION_COMMENTS = YES;
				CLANG_WARN_EMPTY_BODY = YES;
				CLANG_WARN_ENUM_CONVERSION = YES;
				CLANG_WARN_INFINITE_RECURSION = YES;
				CLANG_WARN_INT_CONVERSION = YES;
				CLANG_WARN_NON_LITERAL_NULL_CONVERSION = YES;
				CLANG_WARN_OBJC_IMPLICIT_RETAIN_SELF = YES;
				CLANG_WARN_OBJC_LITERAL_CONVERSION = YES;
				CLANG_WARN_OBJC_ROOT_CLASS = YES_ERROR;
				CLANG_WARN_QUOTED_INCLUDE_IN_FRAMEWORK_HEADER = YES;
				CLANG_WARN_RANGE_LOOP_ANALYSIS = YES;
				CLANG_WARN_STRICT_PROTOTYPES = YES;
				CLANG_WARN_SUSPICIOUS_MOVE = YES;
				CLANG_WARN_UNGUARDED_AVAILABILITY = YES_AGGRESSIVE;
				CLANG_WARN_UNREACHABLE_CODE = YES;
				CLANG_WARN__DUPLICATE_METHOD_MATCH = YES;
				COPY_PHASE_STRIP = NO;
				DEBUG_INFORMATION_FORMAT = "dwarf-with-dsym";
				ENABLE_NS_ASSERTIONS = NO;
				ENABLE_STRICT_OBJC_MSGSEND = YES;
				GCC_C_LANGUAGE_STANDARD = gnu11;
				GCC_NO_COMMON_BLOCKS = YES;
				GCC_WARN_64_TO_32_BIT_CONVERSION = YES;
				GCC_WARN_ABOUT_RETURN_TYPE = YES_ERROR;
				GCC_WARN_UNDECLARED_SELECTOR = YES;
				GCC_WARN_UNINITIALIZED_AUTOS = YES_AGGRESSIVE;
				GCC_WARN_UNUSED_FUNCTION = YES;
				GCC_WARN_UNUSED_VARIABLE = YES;
				IPHONEOS_DEPLOYMENT_TARGET = 16.4;
				MTL_ENABLE_DEBUG_INFO = NO;
				MTL_FAST_MATH = YES;
				SDKROOT = iphoneos;
				SWIFT_COMPILATION_MODE = wholemodule;
				SWIFT_OPTIMIZATION_LEVEL = "-O";
				VALIDATE_PRODUCT = YES;
			};
			name = Release;
		};
		DE8453412A3CEE56008D2250 /* Debug */ = {
			isa = XCBuildConfiguration;
			buildSettings = {
				ASSETCATALOG_COMPILER_APPICON_NAME = AppIcon;
				ASSETCATALOG_COMPILER_GLOBAL_ACCENT_COLOR_NAME = AccentColor;
				CODE_SIGN_STYLE = Automatic;
				CURRENT_PROJECT_VERSION = 1;
				DEVELOPMENT_TEAM = 29X52XH2TF;
				GENERATE_INFOPLIST_FILE = YES;
				INFOPLIST_FILE = TodoApp/Info.plist;
				INFOPLIST_KEY_UIApplicationSupportsIndirectInputEvents = YES;
				INFOPLIST_KEY_UILaunchStoryboardName = LaunchScreen;
				INFOPLIST_KEY_UIMainStoryboardFile = "";
				INFOPLIST_KEY_UISupportedInterfaceOrientations_iPad = "UIInterfaceOrientationPortrait UIInterfaceOrientationPortraitUpsideDown UIInterfaceOrientationLandscapeLeft UIInterfaceOrientationLandscapeRight";
				INFOPLIST_KEY_UISupportedInterfaceOrientations_iPhone = "UIInterfaceOrientationPortrait UIInterfaceOrientationLandscapeLeft UIInterfaceOrientationLandscapeRight";
				LD_RUNPATH_SEARCH_PATHS = (
					"$(inherited)",
					"@executable_path/Frameworks",
				);
				MARKETING_VERSION = 1.0;
				PRODUCT_BUNDLE_IDENTIFIER = com.medeupazylov.TodoApp;
				PRODUCT_NAME = "$(TARGET_NAME)";
				SWIFT_EMIT_LOC_STRINGS = YES;
				SWIFT_VERSION = 5.0;
				TARGETED_DEVICE_FAMILY = "1,2";
			};
			name = Debug;
		};
		DE8453422A3CEE56008D2250 /* Release */ = {
			isa = XCBuildConfiguration;
			buildSettings = {
				ASSETCATALOG_COMPILER_APPICON_NAME = AppIcon;
				ASSETCATALOG_COMPILER_GLOBAL_ACCENT_COLOR_NAME = AccentColor;
				CODE_SIGN_STYLE = Automatic;
				CURRENT_PROJECT_VERSION = 1;
				DEVELOPMENT_TEAM = 29X52XH2TF;
				GENERATE_INFOPLIST_FILE = YES;
				INFOPLIST_FILE = TodoApp/Info.plist;
				INFOPLIST_KEY_UIApplicationSupportsIndirectInputEvents = YES;
				INFOPLIST_KEY_UILaunchStoryboardName = LaunchScreen;
				INFOPLIST_KEY_UIMainStoryboardFile = "";
				INFOPLIST_KEY_UISupportedInterfaceOrientations_iPad = "UIInterfaceOrientationPortrait UIInterfaceOrientationPortraitUpsideDown UIInterfaceOrientationLandscapeLeft UIInterfaceOrientationLandscapeRight";
				INFOPLIST_KEY_UISupportedInterfaceOrientations_iPhone = "UIInterfaceOrientationPortrait UIInterfaceOrientationLandscapeLeft UIInterfaceOrientationLandscapeRight";
				LD_RUNPATH_SEARCH_PATHS = (
					"$(inherited)",
					"@executable_path/Frameworks",
				);
				MARKETING_VERSION = 1.0;
				PRODUCT_BUNDLE_IDENTIFIER = com.medeupazylov.TodoApp;
				PRODUCT_NAME = "$(TARGET_NAME)";
				SWIFT_EMIT_LOC_STRINGS = YES;
				SWIFT_VERSION = 5.0;
				TARGETED_DEVICE_FAMILY = "1,2";
			};
			name = Release;
		};
		DE8453442A3CEE56008D2250 /* Debug */ = {
			isa = XCBuildConfiguration;
			buildSettings = {
				ALWAYS_EMBED_SWIFT_STANDARD_LIBRARIES = YES;
				BUNDLE_LOADER = "$(TEST_HOST)";
				CODE_SIGN_STYLE = Automatic;
				CURRENT_PROJECT_VERSION = 1;
				DEVELOPMENT_TEAM = 29X52XH2TF;
				GENERATE_INFOPLIST_FILE = YES;
				IPHONEOS_DEPLOYMENT_TARGET = 16.4;
				MARKETING_VERSION = 1.0;
				PRODUCT_BUNDLE_IDENTIFIER = com.medeupazylov.TodoAppTests;
				PRODUCT_NAME = "$(TARGET_NAME)";
				SWIFT_EMIT_LOC_STRINGS = NO;
				SWIFT_VERSION = 5.0;
				TARGETED_DEVICE_FAMILY = "1,2";
				TEST_HOST = "$(BUILT_PRODUCTS_DIR)/TodoApp.app/$(BUNDLE_EXECUTABLE_FOLDER_PATH)/TodoApp";
			};
			name = Debug;
		};
		DE8453452A3CEE56008D2250 /* Release */ = {
			isa = XCBuildConfiguration;
			buildSettings = {
				ALWAYS_EMBED_SWIFT_STANDARD_LIBRARIES = YES;
				BUNDLE_LOADER = "$(TEST_HOST)";
				CODE_SIGN_STYLE = Automatic;
				CURRENT_PROJECT_VERSION = 1;
				DEVELOPMENT_TEAM = 29X52XH2TF;
				GENERATE_INFOPLIST_FILE = YES;
				IPHONEOS_DEPLOYMENT_TARGET = 16.4;
				MARKETING_VERSION = 1.0;
				PRODUCT_BUNDLE_IDENTIFIER = com.medeupazylov.TodoAppTests;
				PRODUCT_NAME = "$(TARGET_NAME)";
				SWIFT_EMIT_LOC_STRINGS = NO;
				SWIFT_VERSION = 5.0;
				TARGETED_DEVICE_FAMILY = "1,2";
				TEST_HOST = "$(BUILT_PRODUCTS_DIR)/TodoApp.app/$(BUNDLE_EXECUTABLE_FOLDER_PATH)/TodoApp";
			};
			name = Release;
		};
		DE8453472A3CEE56008D2250 /* Debug */ = {
			isa = XCBuildConfiguration;
			buildSettings = {
				ALWAYS_EMBED_SWIFT_STANDARD_LIBRARIES = YES;
				CODE_SIGN_STYLE = Automatic;
				CURRENT_PROJECT_VERSION = 1;
				DEVELOPMENT_TEAM = 29X52XH2TF;
				GENERATE_INFOPLIST_FILE = YES;
				MARKETING_VERSION = 1.0;
				PRODUCT_BUNDLE_IDENTIFIER = com.medeupazylov.TodoAppUITests;
				PRODUCT_NAME = "$(TARGET_NAME)";
				SWIFT_EMIT_LOC_STRINGS = NO;
				SWIFT_VERSION = 5.0;
				TARGETED_DEVICE_FAMILY = "1,2";
				TEST_TARGET_NAME = TodoApp;
			};
			name = Debug;
		};
		DE8453482A3CEE56008D2250 /* Release */ = {
			isa = XCBuildConfiguration;
			buildSettings = {
				ALWAYS_EMBED_SWIFT_STANDARD_LIBRARIES = YES;
				CODE_SIGN_STYLE = Automatic;
				CURRENT_PROJECT_VERSION = 1;
				DEVELOPMENT_TEAM = 29X52XH2TF;
				GENERATE_INFOPLIST_FILE = YES;
				MARKETING_VERSION = 1.0;
				PRODUCT_BUNDLE_IDENTIFIER = com.medeupazylov.TodoAppUITests;
				PRODUCT_NAME = "$(TARGET_NAME)";
				SWIFT_EMIT_LOC_STRINGS = NO;
				SWIFT_VERSION = 5.0;
				TARGETED_DEVICE_FAMILY = "1,2";
				TEST_TARGET_NAME = TodoApp;
			};
			name = Release;
		};
/* End XCBuildConfiguration section */

/* Begin XCConfigurationList section */
		DE84530E2A3CEE53008D2250 /* Build configuration list for PBXProject "TodoApp" */ = {
			isa = XCConfigurationList;
			buildConfigurations = (
				DE84533E2A3CEE56008D2250 /* Debug */,
				DE84533F2A3CEE56008D2250 /* Release */,
			);
			defaultConfigurationIsVisible = 0;
			defaultConfigurationName = Release;
		};
		DE8453402A3CEE56008D2250 /* Build configuration list for PBXNativeTarget "TodoApp" */ = {
			isa = XCConfigurationList;
			buildConfigurations = (
				DE8453412A3CEE56008D2250 /* Debug */,
				DE8453422A3CEE56008D2250 /* Release */,
			);
			defaultConfigurationIsVisible = 0;
			defaultConfigurationName = Release;
		};
		DE8453432A3CEE56008D2250 /* Build configuration list for PBXNativeTarget "TodoAppTests" */ = {
			isa = XCConfigurationList;
			buildConfigurations = (
				DE8453442A3CEE56008D2250 /* Debug */,
				DE8453452A3CEE56008D2250 /* Release */,
			);
			defaultConfigurationIsVisible = 0;
			defaultConfigurationName = Release;
		};
		DE8453462A3CEE56008D2250 /* Build configuration list for PBXNativeTarget "TodoAppUITests" */ = {
			isa = XCConfigurationList;
			buildConfigurations = (
				DE8453472A3CEE56008D2250 /* Debug */,
				DE8453482A3CEE56008D2250 /* Release */,
			);
			defaultConfigurationIsVisible = 0;
			defaultConfigurationName = Release;
		};
/* End XCConfigurationList section */

/* Begin XCRemoteSwiftPackageReference section */
		DE1B7CDF2A4F57C900F4CE75 /* XCRemoteSwiftPackageReference "CocoaLumberjack" */ = {
			isa = XCRemoteSwiftPackageReference;
			repositoryURL = "https://github.com/CocoaLumberjack/CocoaLumberjack";
			requirement = {
				kind = upToNextMajorVersion;
				minimumVersion = 3.0.0;
			};
		};
/* End XCRemoteSwiftPackageReference section */

/* Begin XCSwiftPackageProductDependency section */
		DE1B7CE02A4F57C900F4CE75 /* CocoaLumberjack */ = {
			isa = XCSwiftPackageProductDependency;
			package = DE1B7CDF2A4F57C900F4CE75 /* XCRemoteSwiftPackageReference "CocoaLumberjack" */;
			productName = CocoaLumberjack;
		};
		DE1B7CE22A4F57C900F4CE75 /* CocoaLumberjackSwift */ = {
			isa = XCSwiftPackageProductDependency;
			package = DE1B7CDF2A4F57C900F4CE75 /* XCRemoteSwiftPackageReference "CocoaLumberjack" */;
			productName = CocoaLumberjackSwift;
		};
		DE1B7CE42A4F57C900F4CE75 /* CocoaLumberjackSwiftLogBackend */ = {
			isa = XCSwiftPackageProductDependency;
			package = DE1B7CDF2A4F57C900F4CE75 /* XCRemoteSwiftPackageReference "CocoaLumberjack" */;
			productName = CocoaLumberjackSwiftLogBackend;
		};
/* End XCSwiftPackageProductDependency section */

/* Begin XCVersionGroup section */
		DE84531F2A3CEE53008D2250 /* TodoApp.xcdatamodeld */ = {
			isa = XCVersionGroup;
			children = (
				DE8453202A3CEE53008D2250 /* TodoApp.xcdatamodel */,
			);
			currentVersion = DE8453202A3CEE53008D2250 /* TodoApp.xcdatamodel */;
			path = TodoApp.xcdatamodeld;
			sourceTree = "<group>";
			versionGroupType = wrapper.xcdatamodel;
		};
/* End XCVersionGroup section */
	};
	rootObject = DE84530B2A3CEE53008D2250 /* Project object */;
}
